
Microsoft Visual Studio Solution File, Format Version 12.00
# Visual Studio 15
VisualStudioVersion = 15.0.28307.2092
MinimumVisualStudioVersion = 10.0.40219.1
Project("{FAE04EC0-301F-11D3-BF4B-00C04F79EFBC}") = "WebApplication10", "WebApplication10\WebApplication10.csproj", "{0BDFB8EF-08E7-4E2F-ACE3-7854FEC39412}"
EndProject
Global
	GlobalSection(SolutionConfigurationPlatforms) = preSolution
		Debug|Any CPU = Debug|Any CPU
		Release|Any CPU = Release|Any CPU
	EndGlobalSection
	GlobalSection(ProjectConfigurationPlatforms) = postSolution
		{0BDFB8EF-08E7-4E2F-ACE3-7854FEC39412}.Debug|Any CPU.ActiveCfg = Debug|Any CPU
		{0BDFB8EF-08E7-4E2F-ACE3-7854FEC39412}.Debug|Any CPU.Build.0 = Debug|Any CPU
		{0BDFB8EF-08E7-4E2F-ACE3-7854FEC39412}.Release|Any CPU.ActiveCfg = Release|Any CPU
		{0BDFB8EF-08E7-4E2F-ACE3-7854FEC39412}.Release|Any CPU.Build.0 = Release|Any CPU
	EndGlobalSection
	GlobalSection(SolutionProperties) = preSolution
		HideSolutionNode = FALSE
	EndGlobalSection
	GlobalSection(ExtensibilityGlobals) = postSolution
		SolutionGuid = {C9992112-FD4A-4250-9471-2BE3CE4E98A6}
	EndGlobalSection
EndGlobal
